
Microsoft Visual Studio Solution File, Format Version 12.00
# Visual Studio Version 17
VisualStudioVersion = 17.10.34916.146
MinimumVisualStudioVersion = 10.0.40219.1
Project("{8BC9CEB8-8B4A-11D0-8D11-00A0C91BC942}") = "WinAPI", "WinAPI\WinAPI.vcxproj", "{A334DB32-069D-437D-90F0-979763CCD8BD}"
EndProject
Project("{8BC9CEB8-8B4A-11D0-8D11-00A0C91BC942}") = "ComboBox", "ComboBox\ComboBox.vcxproj", "{D5BF5939-5755-4C06-A1A9-C00159980DDD}"
EndProject
Project("{8BC9CEB8-8B4A-11D0-8D11-00A0C91BC942}") = "ListBox", "ListBox\ListBox.vcxproj", "{B9BF3761-7A9A-4028-901E-EBAC2197D1C2}"
EndProject
Global
	GlobalSection(SolutionConfigurationPlatforms) = preSolution
		Debug|x64 = Debug|x64
		Debug|x86 = Debug|x86
		Release|x64 = Release|x64
		Release|x86 = Release|x86
	EndGlobalSection
	GlobalSection(ProjectConfigurationPlatforms) = postSolution
		{A334DB32-069D-437D-90F0-979763CCD8BD}.Debug|x64.ActiveCfg = Debug|x64
		{A334DB32-069D-437D-90F0-979763CCD8BD}.Debug|x64.Build.0 = Debug|x64
		{A334DB32-069D-437D-90F0-979763CCD8BD}.Debug|x86.ActiveCfg = Debug|Win32
		{A334DB32-069D-437D-90F0-979763CCD8BD}.Debug|x86.Build.0 = Debug|Win32
		{A334DB32-069D-437D-90F0-979763CCD8BD}.Release|x64.ActiveCfg = Release|x64
		{A334DB32-069D-437D-90F0-979763CCD8BD}.Release|x64.Build.0 = Release|x64
		{A334DB32-069D-437D-90F0-979763CCD8BD}.Release|x86.ActiveCfg = Release|Win32
		{A334DB32-069D-437D-90F0-979763CCD8BD}.Release|x86.Build.0 = Release|Win32
		{D5BF5939-5755-4C06-A1A9-C00159980DDD}.Debug|x64.ActiveCfg = Debug|x64
		{D5BF5939-5755-4C06-A1A9-C00159980DDD}.Debug|x64.Build.0 = Debug|x64
		{D5BF5939-5755-4C06-A1A9-C00159980DDD}.Debug|x86.ActiveCfg = Debug|Win32
		{D5BF5939-5755-4C06-A1A9-C00159980DDD}.Debug|x86.Build.0 = Debug|Win32
		{D5BF5939-5755-4C06-A1A9-C00159980DDD}.Release|x64.ActiveCfg = Release|x64
		{D5BF5939-5755-4C06-A1A9-C00159980DDD}.Release|x64.Build.0 = Release|x64
		{D5BF5939-5755-4C06-A1A9-C00159980DDD}.Release|x86.ActiveCfg = Release|Win32
		{D5BF5939-5755-4C06-A1A9-C00159980DDD}.Release|x86.Build.0 = Release|Win32
		{B9BF3761-7A9A-4028-901E-EBAC2197D1C2}.Debug|x64.ActiveCfg = Debug|x64
		{B9BF3761-7A9A-4028-901E-EBAC2197D1C2}.Debug|x64.Build.0 = Debug|x64
		{B9BF3761-7A9A-4028-901E-EBAC2197D1C2}.Debug|x86.ActiveCfg = Debug|Win32
		{B9BF3761-7A9A-4028-901E-EBAC2197D1C2}.Debug|x86.Build.0 = Debug|Win32
		{B9BF3761-7A9A-4028-901E-EBAC2197D1C2}.Release|x64.ActiveCfg = Release|x64
		{B9BF3761-7A9A-4028-901E-EBAC2197D1C2}.Release|x64.Build.0 = Release|x64
		{B9BF3761-7A9A-4028-901E-EBAC2197D1C2}.Release|x86.ActiveCfg = Release|Win32
		{B9BF3761-7A9A-4028-901E-EBAC2197D1C2}.Release|x86.Build.0 = Release|Win32
	EndGlobalSection
	GlobalSection(SolutionProperties) = preSolution
		HideSolutionNode = FALSE
	EndGlobalSection
	GlobalSection(ExtensibilityGlobals) = postSolution
		SolutionGuid = {0B54D380-1DC1-4C02-BB6D-A599D2B9917E}
	EndGlobalSection
EndGlobal
